<?xml version="1.0" encoding="utf-8"?>
<Project ToolsVersion="4.0" xmlns="http://schemas.microsoft.com/developer/msbuild/2003">
  <ItemGroup>
    <Filter Include="Source Files">
      <UniqueIdentifier>{4FC737F1-C7A5-4376-A066-2A32D752A2FF}</UniqueIdentifier>
      <Extensions>cpp;c;cc;cxx;c++;cppm;ixx;def;odl;idl;hpj;bat;asm;asmx</Extensions>
    </Filter>
    <Filter Include="Header Files">
      <UniqueIdentifier>{93995380-89BD-4b04-88EB-625FBE52EBFB}</UniqueIdentifier>
      <Extensions>h;hh;hpp;hxx;h++;hm;inl;inc;ipp;xsd</Extensions>
    </Filter>
    <Filter Include="Resource Files">
      <UniqueIdentifier>{67DA6AB6-F800-4c08-8B7A-83BB121AAD01}</UniqueIdentifier>
      <Extensions>rc;ico;cur;bmp;dlg;rc2;rct;bin;rgs;gif;jpg;jpeg;jpe;resx;tiff;tif;png;wav;mfcribbon-ms</Extensions>
    </Filter>
    <Filter Include="Map Objects">
      <UniqueIdentifier>{b9c0e26e-3547-4fd5-ac27-367091eded3f}</UniqueIdentifier>
    </Filter>
    <Filter Include="Map Objects\Others">
      <UniqueIdentifier>{dfdf088a-bad0-47f9-bff5-b3819226f258}</UniqueIdentifier>
    </Filter>
    <Filter Include="Map Objects\Bricks">
      <UniqueIdentifier>{c8660936-1c0d-47e0-82ae-28d602e044ef}</UniqueIdentifier>
    </Filter>
    <Filter Include="Map Objects\Enemies">
      <UniqueIdentifier>{e3272203-d1ec-49cb-acb6-f08b9a639446}</UniqueIdentifier>
    </Filter>
    <Filter Include="Map Objects\Items">
      <UniqueIdentifier>{7c5742cf-a11e-42d5-8e46-5416723416bf}</UniqueIdentifier>
    </Filter>
    <Filter Include="Scene">
      <UniqueIdentifier>{cd516e65-2d09-4585-8d84-0c04f1f319cc}</UniqueIdentifier>
    </Filter>
    <Filter Include="Camera">
      <UniqueIdentifier>{fc33f793-f95d-40c8-9df6-525b6615fba7}</UniqueIdentifier>
    </Filter>
  </ItemGroup>
  <ItemGroup>
    <None Include="packages.config" />
  </ItemGroup>
  <ItemGroup>
    <ClCompile Include="main.cpp">
      <Filter>Source Files</Filter>
    </ClCompile>
  </ItemGroup>
  <ItemGroup>
    <ClInclude Include="Define.h">
      <Filter>Header Files</Filter>
    </ClInclude>
    <ClInclude Include="Utils.h">
      <Filter>Source Files</Filter>
    </ClInclude>
    <ClInclude Include="Animations.h">
      <Filter>Source Files</Filter>
    </ClInclude>
    <ClInclude Include="Sprites.h">
      <Filter>Source Files</Filter>
    </ClInclude>
    <ClInclude Include="GameObject.h">
      <Filter>Map Objects\Others</Filter>
    </ClInclude>
    <ClInclude Include="Textures.h">
      <Filter>Source Files</Filter>
    </ClInclude>
    <ClInclude Include="KeyEventHandler.h">
      <Filter>Scene</Filter>
    </ClInclude>
    <ClInclude Include="Font.h">
      <Filter>Source Files</Filter>
    </ClInclude>
    <ClInclude Include="Scene.h">
      <Filter>Scene</Filter>
    </ClInclude>
    <ClInclude Include="Camera.h">
      <Filter>Camera</Filter>
    </ClInclude>
    <ClInclude Include="Game.h">
      <Filter>Source Files</Filter>
    </ClInclude>
  </ItemGroup>
</Project>